// !$*UTF8*$!
{
	archiveVersion = 1;
	classes = {
	};
	objectVersion = 46;
	objects = {

/* Begin PBXAggregateTarget section */
		D759C9AF1C82848D0030742F /* Documentation */ = {
			isa = PBXAggregateTarget;
			buildConfigurationList = D759C9B21C82848D0030742F /* Build configuration list for PBXAggregateTarget "Documentation" */;
			buildPhases = (
				D759C9B31C8284B50030742F /* ShellScript */,
			);
			dependencies = (
			);
			name = Documentation;
			productName = Documentation;
		};
/* End PBXAggregateTarget section */

/* Begin PBXBuildFile section */
		7435600739FD1538BCC651B2 /* Pods_PQCheckThinSDK_Tests.framework in Frameworks */ = {isa = PBXBuildFile; fileRef = 96F93D7C7E19F615F591107A /* Pods_PQCheckThinSDK_Tests.framework */; settings = {ATTRIBUTES = (Weak, ); }; };
		7FD5946D1A314E132E4788C2 /* Pods_PQCheckThinSDK_Example.framework in Frameworks */ = {isa = PBXBuildFile; fileRef = 3F5BA46EAC3131DC7D1433F1 /* Pods_PQCheckThinSDK_Example.framework */; settings = {ATTRIBUTES = (Weak, ); }; };
		D71D25B31C87AAC800137075 /* PQCheckThinSDK_Tests.m in Sources */ = {isa = PBXBuildFile; fileRef = D71D25B21C87AAC800137075 /* PQCheckThinSDK_Tests.m */; };
		D71D25C11C87AD0800137075 /* MockedPQCheckServer.m in Sources */ = {isa = PBXBuildFile; fileRef = D71D25C01C87AD0800137075 /* MockedPQCheckServer.m */; };
		D71D25C51C87B03600137075 /* authorisation.json in Resources */ = {isa = PBXBuildFile; fileRef = D71D25C41C87B03600137075 /* authorisation.json */; };
		D73838011C6A454B0068372D /* CoreGraphics.framework in Frameworks */ = {isa = PBXBuildFile; fileRef = 6003F58F195388D20070C39A /* CoreGraphics.framework */; };
		D73838021C6A454B0068372D /* UIKit.framework in Frameworks */ = {isa = PBXBuildFile; fileRef = 6003F591195388D20070C39A /* UIKit.framework */; };
		D73838031C6A454B0068372D /* Foundation.framework in Frameworks */ = {isa = PBXBuildFile; fileRef = 6003F58D195388D20070C39A /* Foundation.framework */; };
		D738383F1C6A462C0068372D /* Main.storyboard in Resources */ = {isa = PBXBuildFile; fileRef = D738383E1C6A462A0068372D /* Main.storyboard */; };
		D73838401C6A465A0068372D /* LaunchScreen.storyboard in Resources */ = {isa = PBXBuildFile; fileRef = D73838331C6A45DB0068372D /* LaunchScreen.storyboard */; };
		D73838411C6A465F0068372D /* PQCheckAppDelegate.m in Sources */ = {isa = PBXBuildFile; fileRef = D73838191C6A45870068372D /* PQCheckAppDelegate.m */; };
		D73838421C6A46640068372D /* PaymentsViewController.m in Sources */ = {isa = PBXBuildFile; fileRef = D73838171C6A45870068372D /* PaymentsViewController.m */; };
		D73838431C6A46680068372D /* PaymentDetailViewController.m in Sources */ = {isa = PBXBuildFile; fileRef = D73838151C6A45870068372D /* PaymentDetailViewController.m */; };
		D73838441C6A466D0068372D /* AccountsViewController.m in Sources */ = {isa = PBXBuildFile; fileRef = D73838121C6A45870068372D /* AccountsViewController.m */; };
		D73838451C6A468F0068372D /* AccountCell.m in Sources */ = {isa = PBXBuildFile; fileRef = D73838211C6A45910068372D /* AccountCell.m */; };
		D73838461C6A468F0068372D /* BankAccountCell.m in Sources */ = {isa = PBXBuildFile; fileRef = D73838231C6A45910068372D /* BankAccountCell.m */; };
		D73838471C6A468F0068372D /* DetailCell.m in Sources */ = {isa = PBXBuildFile; fileRef = D73838251C6A45910068372D /* DetailCell.m */; };
		D73838481C6A468F0068372D /* PaymentCell.m in Sources */ = {isa = PBXBuildFile; fileRef = D73838271C6A45910068372D /* PaymentCell.m */; };
		D73838491C6A46B80068372D /* InfoPlist.strings in Resources */ = {isa = PBXBuildFile; fileRef = D73838301C6A45CB0068372D /* InfoPlist.strings */; };
		D738384A1C6A46F20068372D /* main.m in Sources */ = {isa = PBXBuildFile; fileRef = D73838131C6A45870068372D /* main.m */; };
		D738384D1C6A48790068372D /* Images.xcassets in Resources */ = {isa = PBXBuildFile; fileRef = D738384B1C6A48740068372D /* Images.xcassets */; };
		D784B8501C87BA2C00525D03 /* ILCannedURLProtocol.m in Sources */ = {isa = PBXBuildFile; fileRef = D784B8441C87BA2C00525D03 /* ILCannedURLProtocol.m */; settings = {COMPILER_FLAGS = "-fno-objc-arc"; }; };
		D784B8521C87BA2C00525D03 /* ILProfilerCompat.c in Sources */ = {isa = PBXBuildFile; fileRef = D784B8471C87BA2C00525D03 /* ILProfilerCompat.c */; };
		D784B8541C87BA2C00525D03 /* ILDispatchQueueAssert.m in Sources */ = {isa = PBXBuildFile; fileRef = D784B84C1C87BA2C00525D03 /* ILDispatchQueueAssert.m */; };
		D784B8551C87BA2C00525D03 /* ILDispatchQueueMatcher.m in Sources */ = {isa = PBXBuildFile; fileRef = D784B84E1C87BA2C00525D03 /* ILDispatchQueueMatcher.m */; };
		D78E4ECC1C88325100213E08 /* upload-attempt.json in Resources */ = {isa = PBXBuildFile; fileRef = D78E4ECB1C88325100213E08 /* upload-attempt.json */; };
		D78E4ECF1C89F8C600213E08 /* User.m in Sources */ = {isa = PBXBuildFile; fileRef = D78E4ECE1C89F8C600213E08 /* User.m */; };
		D78E4ED21C8A03FA00213E08 /* SettingsViewController.m in Sources */ = {isa = PBXBuildFile; fileRef = D78E4ED11C8A03FA00213E08 /* SettingsViewController.m */; };
		D7A5E5251C81A0AD00190FE0 /* BankClientManager.m in Sources */ = {isa = PBXBuildFile; fileRef = D7A5E5191C81A0AD00190FE0 /* BankClientManager.m */; };
		D7A5E5261C81A0AD00190FE0 /* AccountCollection.m in Sources */ = {isa = PBXBuildFile; fileRef = D7A5E51C1C81A0AD00190FE0 /* AccountCollection.m */; };
		D7A5E5271C81A0AD00190FE0 /* BankAccount.m in Sources */ = {isa = PBXBuildFile; fileRef = D7A5E51E1C81A0AD00190FE0 /* BankAccount.m */; };
		D7A5E5281C81A0AD00190FE0 /* Enrolment.m in Sources */ = {isa = PBXBuildFile; fileRef = D7A5E5201C81A0AD00190FE0 /* Enrolment.m */; };
		D7A5E5291C81A0AD00190FE0 /* Payment.m in Sources */ = {isa = PBXBuildFile; fileRef = D7A5E5221C81A0AD00190FE0 /* Payment.m */; };
		D7A5E52A1C81A0AD00190FE0 /* UserManager.m in Sources */ = {isa = PBXBuildFile; fileRef = D7A5E5241C81A0AD00190FE0 /* UserManager.m */; };
		D7B5B14F1C7D84DB007CD9F8 /* EnrolmentViewController.m in Sources */ = {isa = PBXBuildFile; fileRef = D7B5B14E1C7D84DB007CD9F8 /* EnrolmentViewController.m */; };
/* End PBXBuildFile section */

/* Begin PBXContainerItemProxy section */
		D71D25B51C87AAC800137075 /* PBXContainerItemProxy */ = {
			isa = PBXContainerItemProxy;
			containerPortal = 6003F582195388D10070C39A /* Project object */;
			proxyType = 1;
			remoteGlobalIDString = D73837FA1C6A454B0068372D;
			remoteInfo = PQCheckThinSDK_Example;
		};
/* End PBXContainerItemProxy section */

/* Begin PBXFileReference section */
		3F5BA46EAC3131DC7D1433F1 /* Pods_PQCheckThinSDK_Example.framework */ = {isa = PBXFileReference; explicitFileType = wrapper.framework; includeInIndex = 0; path = Pods_PQCheckThinSDK_Example.framework; sourceTree = BUILT_PRODUCTS_DIR; };
		469EC4057406847EB20DA527 /* Pods-PQCheckThinSDK_Tests.debug.xcconfig */ = {isa = PBXFileReference; includeInIndex = 1; lastKnownFileType = text.xcconfig; name = "Pods-PQCheckThinSDK_Tests.debug.xcconfig"; path = "Pods/Target Support Files/Pods-PQCheckThinSDK_Tests/Pods-PQCheckThinSDK_Tests.debug.xcconfig"; sourceTree = "<group>"; };
		6003F58D195388D20070C39A /* Foundation.framework */ = {isa = PBXFileReference; lastKnownFileType = wrapper.framework; name = Foundation.framework; path = System/Library/Frameworks/Foundation.framework; sourceTree = SDKROOT; };
		6003F58F195388D20070C39A /* CoreGraphics.framework */ = {isa = PBXFileReference; lastKnownFileType = wrapper.framework; name = CoreGraphics.framework; path = System/Library/Frameworks/CoreGraphics.framework; sourceTree = SDKROOT; };
		6003F591195388D20070C39A /* UIKit.framework */ = {isa = PBXFileReference; lastKnownFileType = wrapper.framework; name = UIKit.framework; path = System/Library/Frameworks/UIKit.framework; sourceTree = SDKROOT; };
		6003F5AF195388D20070C39A /* XCTest.framework */ = {isa = PBXFileReference; lastKnownFileType = wrapper.framework; name = XCTest.framework; path = Library/Frameworks/XCTest.framework; sourceTree = DEVELOPER_DIR; };
		6A136F90FFCAD9A821D6A9B0 /* Pods-PQCheckThinSDK_Example.release.xcconfig */ = {isa = PBXFileReference; includeInIndex = 1; lastKnownFileType = text.xcconfig; name = "Pods-PQCheckThinSDK_Example.release.xcconfig"; path = "Pods/Target Support Files/Pods-PQCheckThinSDK_Example/Pods-PQCheckThinSDK_Example.release.xcconfig"; sourceTree = "<group>"; };
		96F93D7C7E19F615F591107A /* Pods_PQCheckThinSDK_Tests.framework */ = {isa = PBXFileReference; explicitFileType = wrapper.framework; includeInIndex = 0; path = Pods_PQCheckThinSDK_Tests.framework; sourceTree = BUILT_PRODUCTS_DIR; };
		B03A54B6FEE652AF7ABE8009 /* README.md */ = {isa = PBXFileReference; includeInIndex = 1; lastKnownFileType = net.daringfireball.markdown; name = README.md; path = ../README.md; sourceTree = "<group>"; };
		BC9976A77F844FD06C2C041E /* LICENSE */ = {isa = PBXFileReference; includeInIndex = 1; lastKnownFileType = text; name = LICENSE; path = ../LICENSE; sourceTree = "<group>"; };
		C035395DAA8DB6590AB9E7BB /* Pods-PQCheckThinSDK_Tests.release.xcconfig */ = {isa = PBXFileReference; includeInIndex = 1; lastKnownFileType = text.xcconfig; name = "Pods-PQCheckThinSDK_Tests.release.xcconfig"; path = "Pods/Target Support Files/Pods-PQCheckThinSDK_Tests/Pods-PQCheckThinSDK_Tests.release.xcconfig"; sourceTree = "<group>"; };
		C5E6AFA93F9A20C3842FBAC8 /* Pods-PQCheckThinSDK_Example.debug.xcconfig */ = {isa = PBXFileReference; includeInIndex = 1; lastKnownFileType = text.xcconfig; name = "Pods-PQCheckThinSDK_Example.debug.xcconfig"; path = "Pods/Target Support Files/Pods-PQCheckThinSDK_Example/Pods-PQCheckThinSDK_Example.debug.xcconfig"; sourceTree = "<group>"; };
		D70147611C81A52B00C1C73A /* AppledocSettings.plist */ = {isa = PBXFileReference; fileEncoding = 4; lastKnownFileType = text.plist.xml; path = AppledocSettings.plist; sourceTree = "<group>"; };
		D71D25B01C87AAC800137075 /* PQCheckThinSDK_Tests.xctest */ = {isa = PBXFileReference; explicitFileType = wrapper.cfbundle; includeInIndex = 0; path = PQCheckThinSDK_Tests.xctest; sourceTree = BUILT_PRODUCTS_DIR; };
		D71D25B21C87AAC800137075 /* PQCheckThinSDK_Tests.m */ = {isa = PBXFileReference; lastKnownFileType = sourcecode.c.objc; path = PQCheckThinSDK_Tests.m; sourceTree = "<group>"; };
		D71D25B41C87AAC800137075 /* Info.plist */ = {isa = PBXFileReference; lastKnownFileType = text.plist.xml; path = Info.plist; sourceTree = "<group>"; };
		D71D25BF1C87AD0800137075 /* MockedPQCheckServer.h */ = {isa = PBXFileReference; fileEncoding = 4; lastKnownFileType = sourcecode.c.h; path = MockedPQCheckServer.h; sourceTree = "<group>"; };
		D71D25C01C87AD0800137075 /* MockedPQCheckServer.m */ = {isa = PBXFileReference; fileEncoding = 4; lastKnownFileType = sourcecode.c.objc; path = MockedPQCheckServer.m; sourceTree = "<group>"; };
		D71D25C41C87B03600137075 /* authorisation.json */ = {isa = PBXFileReference; fileEncoding = 4; lastKnownFileType = text.json; path = authorisation.json; sourceTree = "<group>"; };
		D738380F1C6A454B0068372D /* PQCheckThinSDK_Example.app */ = {isa = PBXFileReference; explicitFileType = wrapper.application; includeInIndex = 0; path = PQCheckThinSDK_Example.app; sourceTree = BUILT_PRODUCTS_DIR; };
		D73838111C6A45870068372D /* AccountsViewController.h */ = {isa = PBXFileReference; fileEncoding = 4; lastKnownFileType = sourcecode.c.h; name = AccountsViewController.h; path = PQCheckThinSDK/AccountsViewController.h; sourceTree = "<group>"; };
		D73838121C6A45870068372D /* AccountsViewController.m */ = {isa = PBXFileReference; fileEncoding = 4; lastKnownFileType = sourcecode.c.objc; name = AccountsViewController.m; path = PQCheckThinSDK/AccountsViewController.m; sourceTree = "<group>"; };
		D73838131C6A45870068372D /* main.m */ = {isa = PBXFileReference; fileEncoding = 4; lastKnownFileType = sourcecode.c.objc; name = main.m; path = PQCheckThinSDK/main.m; sourceTree = "<group>"; };
		D73838141C6A45870068372D /* PaymentDetailViewController.h */ = {isa = PBXFileReference; fileEncoding = 4; lastKnownFileType = sourcecode.c.h; name = PaymentDetailViewController.h; path = PQCheckThinSDK/PaymentDetailViewController.h; sourceTree = "<group>"; };
		D73838151C6A45870068372D /* PaymentDetailViewController.m */ = {isa = PBXFileReference; fileEncoding = 4; lastKnownFileType = sourcecode.c.objc; name = PaymentDetailViewController.m; path = PQCheckThinSDK/PaymentDetailViewController.m; sourceTree = "<group>"; };
		D73838161C6A45870068372D /* PaymentsViewController.h */ = {isa = PBXFileReference; fileEncoding = 4; lastKnownFileType = sourcecode.c.h; name = PaymentsViewController.h; path = PQCheckThinSDK/PaymentsViewController.h; sourceTree = "<group>"; };
		D73838171C6A45870068372D /* PaymentsViewController.m */ = {isa = PBXFileReference; fileEncoding = 4; lastKnownFileType = sourcecode.c.objc; name = PaymentsViewController.m; path = PQCheckThinSDK/PaymentsViewController.m; sourceTree = "<group>"; };
		D73838181C6A45870068372D /* PQCheckAppDelegate.h */ = {isa = PBXFileReference; fileEncoding = 4; lastKnownFileType = sourcecode.c.h; name = PQCheckAppDelegate.h; path = PQCheckThinSDK/PQCheckAppDelegate.h; sourceTree = "<group>"; };
		D73838191C6A45870068372D /* PQCheckAppDelegate.m */ = {isa = PBXFileReference; fileEncoding = 4; lastKnownFileType = sourcecode.c.objc; name = PQCheckAppDelegate.m; path = PQCheckThinSDK/PQCheckAppDelegate.m; sourceTree = "<group>"; };
		D73838201C6A45910068372D /* AccountCell.h */ = {isa = PBXFileReference; fileEncoding = 4; lastKnownFileType = sourcecode.c.h; path = AccountCell.h; sourceTree = "<group>"; };
		D73838211C6A45910068372D /* AccountCell.m */ = {isa = PBXFileReference; fileEncoding = 4; lastKnownFileType = sourcecode.c.objc; path = AccountCell.m; sourceTree = "<group>"; };
		D73838221C6A45910068372D /* BankAccountCell.h */ = {isa = PBXFileReference; fileEncoding = 4; lastKnownFileType = sourcecode.c.h; path = BankAccountCell.h; sourceTree = "<group>"; };
		D73838231C6A45910068372D /* BankAccountCell.m */ = {isa = PBXFileReference; fileEncoding = 4; lastKnownFileType = sourcecode.c.objc; path = BankAccountCell.m; sourceTree = "<group>"; };
		D73838241C6A45910068372D /* DetailCell.h */ = {isa = PBXFileReference; fileEncoding = 4; lastKnownFileType = sourcecode.c.h; path = DetailCell.h; sourceTree = "<group>"; };
		D73838251C6A45910068372D /* DetailCell.m */ = {isa = PBXFileReference; fileEncoding = 4; lastKnownFileType = sourcecode.c.objc; path = DetailCell.m; sourceTree = "<group>"; };
		D73838261C6A45910068372D /* PaymentCell.h */ = {isa = PBXFileReference; fileEncoding = 4; lastKnownFileType = sourcecode.c.h; path = PaymentCell.h; sourceTree = "<group>"; };
		D73838271C6A45910068372D /* PaymentCell.m */ = {isa = PBXFileReference; fileEncoding = 4; lastKnownFileType = sourcecode.c.objc; path = PaymentCell.m; sourceTree = "<group>"; };
		D738382D1C6A45BB0068372D /* PQCheckThinSDK-Info.plist */ = {isa = PBXFileReference; fileEncoding = 4; lastKnownFileType = text.plist.xml; name = "PQCheckThinSDK-Info.plist"; path = "PQCheckThinSDK/PQCheckThinSDK-Info.plist"; sourceTree = "<group>"; };
		D738382E1C6A45BB0068372D /* PQCheckThinSDK-Prefix.pch */ = {isa = PBXFileReference; fileEncoding = 4; lastKnownFileType = sourcecode.c.h; name = "PQCheckThinSDK-Prefix.pch"; path = "PQCheckThinSDK/PQCheckThinSDK-Prefix.pch"; sourceTree = "<group>"; };
		D73838311C6A45CB0068372D /* en */ = {isa = PBXFileReference; lastKnownFileType = text.plist.strings; name = en; path = PQCheckThinSDK/en.lproj/InfoPlist.strings; sourceTree = "<group>"; };
		D73838331C6A45DB0068372D /* LaunchScreen.storyboard */ = {isa = PBXFileReference; fileEncoding = 4; lastKnownFileType = file.storyboard; name = LaunchScreen.storyboard; path = PQCheckThinSDK/LaunchScreen.storyboard; sourceTree = "<group>"; };
		D738383D1C6A462A0068372D /* Base */ = {isa = PBXFileReference; lastKnownFileType = file.storyboard; name = Base; path = Base.lproj/Main.storyboard; sourceTree = "<group>"; };
		D738384B1C6A48740068372D /* Images.xcassets */ = {isa = PBXFileReference; lastKnownFileType = folder.assetcatalog; name = Images.xcassets; path = PQCheckThinSDK/Images.xcassets; sourceTree = "<group>"; };
		D759C9B41C82F8EA0030742F /* README.md */ = {isa = PBXFileReference; fileEncoding = 4; lastKnownFileType = net.daringfireball.markdown; path = README.md; sourceTree = "<group>"; };
		D784B8431C87BA2C00525D03 /* ILCannedURLProtocol.h */ = {isa = PBXFileReference; fileEncoding = 4; lastKnownFileType = sourcecode.c.h; path = ILCannedURLProtocol.h; sourceTree = "<group>"; };
		D784B8441C87BA2C00525D03 /* ILCannedURLProtocol.m */ = {isa = PBXFileReference; fileEncoding = 4; lastKnownFileType = sourcecode.c.objc; path = ILCannedURLProtocol.m; sourceTree = "<group>"; };
		D784B8451C87BA2C00525D03 /* ILCannedURLProtocolTests.h */ = {isa = PBXFileReference; fileEncoding = 4; lastKnownFileType = sourcecode.c.h; path = ILCannedURLProtocolTests.h; sourceTree = "<group>"; };
		D784B8461C87BA2C00525D03 /* ILCannedURLProtocolTests.m */ = {isa = PBXFileReference; fileEncoding = 4; lastKnownFileType = sourcecode.c.objc; path = ILCannedURLProtocolTests.m; sourceTree = "<group>"; };
		D784B8471C87BA2C00525D03 /* ILProfilerCompat.c */ = {isa = PBXFileReference; fileEncoding = 4; lastKnownFileType = sourcecode.c.c; path = ILProfilerCompat.c; sourceTree = "<group>"; };
		D784B8481C87BA2C00525D03 /* ILTestImage.h */ = {isa = PBXFileReference; fileEncoding = 4; lastKnownFileType = sourcecode.c.h; path = ILTestImage.h; sourceTree = "<group>"; };
		D784B8491C87BA2C00525D03 /* ILTestImage.m */ = {isa = PBXFileReference; fileEncoding = 4; lastKnownFileType = sourcecode.c.objc; path = ILTestImage.m; sourceTree = "<group>"; };
		D784B84B1C87BA2C00525D03 /* ILDispatchQueueAssert.h */ = {isa = PBXFileReference; fileEncoding = 4; lastKnownFileType = sourcecode.c.h; path = ILDispatchQueueAssert.h; sourceTree = "<group>"; };
		D784B84C1C87BA2C00525D03 /* ILDispatchQueueAssert.m */ = {isa = PBXFileReference; fileEncoding = 4; lastKnownFileType = sourcecode.c.objc; path = ILDispatchQueueAssert.m; sourceTree = "<group>"; };
		D784B84D1C87BA2C00525D03 /* ILDispatchQueueMatcher.h */ = {isa = PBXFileReference; fileEncoding = 4; lastKnownFileType = sourcecode.c.h; path = ILDispatchQueueMatcher.h; sourceTree = "<group>"; };
		D784B84E1C87BA2C00525D03 /* ILDispatchQueueMatcher.m */ = {isa = PBXFileReference; fileEncoding = 4; lastKnownFileType = sourcecode.c.objc; path = ILDispatchQueueMatcher.m; sourceTree = "<group>"; };
		D784B84F1C87BA2C00525D03 /* README.mdown */ = {isa = PBXFileReference; fileEncoding = 4; lastKnownFileType = net.daringfireball.markdown; path = README.mdown; sourceTree = "<group>"; };
		D78E4ECB1C88325100213E08 /* upload-attempt.json */ = {isa = PBXFileReference; fileEncoding = 4; lastKnownFileType = text.json; path = "upload-attempt.json"; sourceTree = "<group>"; };
		D78E4ECD1C89F8C600213E08 /* User.h */ = {isa = PBXFileReference; fileEncoding = 4; lastKnownFileType = sourcecode.c.h; path = User.h; sourceTree = "<group>"; };
		D78E4ECE1C89F8C600213E08 /* User.m */ = {isa = PBXFileReference; fileEncoding = 4; lastKnownFileType = sourcecode.c.objc; path = User.m; sourceTree = "<group>"; };
		D78E4ED01C8A03FA00213E08 /* SettingsViewController.h */ = {isa = PBXFileReference; fileEncoding = 4; lastKnownFileType = sourcecode.c.h; name = SettingsViewController.h; path = PQCheckThinSDK/SettingsViewController.h; sourceTree = "<group>"; };
		D78E4ED11C8A03FA00213E08 /* SettingsViewController.m */ = {isa = PBXFileReference; fileEncoding = 4; lastKnownFileType = sourcecode.c.objc; name = SettingsViewController.m; path = PQCheckThinSDK/SettingsViewController.m; sourceTree = "<group>"; };
		D7A5E5181C81A0AD00190FE0 /* BankClientManager.h */ = {isa = PBXFileReference; fileEncoding = 4; lastKnownFileType = sourcecode.c.h; lineEnding = 0; path = BankClientManager.h; sourceTree = "<group>"; xcLanguageSpecificationIdentifier = xcode.lang.objcpp; };
		D7A5E5191C81A0AD00190FE0 /* BankClientManager.m */ = {isa = PBXFileReference; fileEncoding = 4; lastKnownFileType = sourcecode.c.objc; path = BankClientManager.m; sourceTree = "<group>"; };
		D7A5E51B1C81A0AD00190FE0 /* AccountCollection.h */ = {isa = PBXFileReference; fileEncoding = 4; lastKnownFileType = sourcecode.c.h; path = AccountCollection.h; sourceTree = "<group>"; };
		D7A5E51C1C81A0AD00190FE0 /* AccountCollection.m */ = {isa = PBXFileReference; fileEncoding = 4; lastKnownFileType = sourcecode.c.objc; path = AccountCollection.m; sourceTree = "<group>"; };
		D7A5E51D1C81A0AD00190FE0 /* BankAccount.h */ = {isa = PBXFileReference; fileEncoding = 4; lastKnownFileType = sourcecode.c.h; path = BankAccount.h; sourceTree = "<group>"; };
		D7A5E51E1C81A0AD00190FE0 /* BankAccount.m */ = {isa = PBXFileReference; fileEncoding = 4; lastKnownFileType = sourcecode.c.objc; path = BankAccount.m; sourceTree = "<group>"; };
		D7A5E51F1C81A0AD00190FE0 /* Enrolment.h */ = {isa = PBXFileReference; fileEncoding = 4; lastKnownFileType = sourcecode.c.h; lineEnding = 0; path = Enrolment.h; sourceTree = "<group>"; xcLanguageSpecificationIdentifier = xcode.lang.objcpp; };
		D7A5E5201C81A0AD00190FE0 /* Enrolment.m */ = {isa = PBXFileReference; fileEncoding = 4; lastKnownFileType = sourcecode.c.objc; path = Enrolment.m; sourceTree = "<group>"; };
		D7A5E5211C81A0AD00190FE0 /* Payment.h */ = {isa = PBXFileReference; fileEncoding = 4; lastKnownFileType = sourcecode.c.h; path = Payment.h; sourceTree = "<group>"; };
		D7A5E5221C81A0AD00190FE0 /* Payment.m */ = {isa = PBXFileReference; fileEncoding = 4; lastKnownFileType = sourcecode.c.objc; path = Payment.m; sourceTree = "<group>"; };
		D7A5E5231C81A0AD00190FE0 /* UserManager.h */ = {isa = PBXFileReference; fileEncoding = 4; lastKnownFileType = sourcecode.c.h; lineEnding = 0; path = UserManager.h; sourceTree = "<group>"; xcLanguageSpecificationIdentifier = xcode.lang.objcpp; };
		D7A5E5241C81A0AD00190FE0 /* UserManager.m */ = {isa = PBXFileReference; fileEncoding = 4; lastKnownFileType = sourcecode.c.objc; lineEnding = 0; path = UserManager.m; sourceTree = "<group>"; xcLanguageSpecificationIdentifier = xcode.lang.objc; };
		D7B5B14D1C7D84DB007CD9F8 /* EnrolmentViewController.h */ = {isa = PBXFileReference; fileEncoding = 4; lastKnownFileType = sourcecode.c.h; name = EnrolmentViewController.h; path = PQCheckThinSDK/EnrolmentViewController.h; sourceTree = "<group>"; };
		D7B5B14E1C7D84DB007CD9F8 /* EnrolmentViewController.m */ = {isa = PBXFileReference; fileEncoding = 4; lastKnownFileType = sourcecode.c.objc; lineEnding = 0; name = EnrolmentViewController.m; path = PQCheckThinSDK/EnrolmentViewController.m; sourceTree = "<group>"; xcLanguageSpecificationIdentifier = xcode.lang.objc; };
		F14EB6DD0D1782F0E3FA284F /* PQCheckSDK.podspec */ = {isa = PBXFileReference; includeInIndex = 1; lastKnownFileType = text; name = PQCheckSDK.podspec; path = ../PQCheckSDK.podspec; sourceTree = "<group>"; };
/* End PBXFileReference section */

/* Begin PBXFrameworksBuildPhase section */
		D71D25AD1C87AAC800137075 /* Frameworks */ = {
			isa = PBXFrameworksBuildPhase;
			buildActionMask = 2147483647;
			files = (
				7435600739FD1538BCC651B2 /* Pods_PQCheckThinSDK_Tests.framework in Frameworks */,
			);
			runOnlyForDeploymentPostprocessing = 0;
		};
		D73838001C6A454B0068372D /* Frameworks */ = {
			isa = PBXFrameworksBuildPhase;
			buildActionMask = 2147483647;
			files = (
				D73838011C6A454B0068372D /* CoreGraphics.framework in Frameworks */,
				D73838021C6A454B0068372D /* UIKit.framework in Frameworks */,
				D73838031C6A454B0068372D /* Foundation.framework in Frameworks */,
				7FD5946D1A314E132E4788C2 /* Pods_PQCheckThinSDK_Example.framework in Frameworks */,
			);
			runOnlyForDeploymentPostprocessing = 0;
		};
/* End PBXFrameworksBuildPhase section */

/* Begin PBXGroup section */
		0D0C840F10000BE40AE97C3B /* Pods */ = {
			isa = PBXGroup;
			children = (
				C5E6AFA93F9A20C3842FBAC8 /* Pods-PQCheckThinSDK_Example.debug.xcconfig */,
				6A136F90FFCAD9A821D6A9B0 /* Pods-PQCheckThinSDK_Example.release.xcconfig */,
				469EC4057406847EB20DA527 /* Pods-PQCheckThinSDK_Tests.debug.xcconfig */,
				C035395DAA8DB6590AB9E7BB /* Pods-PQCheckThinSDK_Tests.release.xcconfig */,
			);
			name = Pods;
			sourceTree = "<group>";
		};
		6003F581195388D10070C39A = {
			isa = PBXGroup;
			children = (
				60FF7A9C1954A5C5007DD14C /* Podspec Metadata */,
				D73837F91C6A45340068372D /* Example for PQCheckThinSDK */,
				D71D25B11C87AAC800137075 /* PQCheckThinSDK_Tests */,
				6003F58C195388D20070C39A /* Frameworks */,
				6003F58B195388D20070C39A /* Products */,
				0D0C840F10000BE40AE97C3B /* Pods */,
			);
			sourceTree = "<group>";
		};
		6003F58B195388D20070C39A /* Products */ = {
			isa = PBXGroup;
			children = (
				D738380F1C6A454B0068372D /* PQCheckThinSDK_Example.app */,
				D71D25B01C87AAC800137075 /* PQCheckThinSDK_Tests.xctest */,
			);
			name = Products;
			sourceTree = "<group>";
		};
		6003F58C195388D20070C39A /* Frameworks */ = {
			isa = PBXGroup;
			children = (
				6003F58D195388D20070C39A /* Foundation.framework */,
				6003F58F195388D20070C39A /* CoreGraphics.framework */,
				6003F591195388D20070C39A /* UIKit.framework */,
				6003F5AF195388D20070C39A /* XCTest.framework */,
				3F5BA46EAC3131DC7D1433F1 /* Pods_PQCheckThinSDK_Example.framework */,
				96F93D7C7E19F615F591107A /* Pods_PQCheckThinSDK_Tests.framework */,
			);
			name = Frameworks;
			sourceTree = "<group>";
		};
		60FF7A9C1954A5C5007DD14C /* Podspec Metadata */ = {
			isa = PBXGroup;
			children = (
				F14EB6DD0D1782F0E3FA284F /* PQCheckSDK.podspec */,
				B03A54B6FEE652AF7ABE8009 /* README.md */,
				BC9976A77F844FD06C2C041E /* LICENSE */,
			);
			name = "Podspec Metadata";
			sourceTree = "<group>";
		};
		D71D25B11C87AAC800137075 /* PQCheckThinSDK_Tests */ = {
			isa = PBXGroup;
			children = (
				D784B8421C87BA2C00525D03 /* ILTesting */,
				D71D25BC1C87ACAB00137075 /* MockedJSON */,
				D71D25B21C87AAC800137075 /* PQCheckThinSDK_Tests.m */,
				D71D25BF1C87AD0800137075 /* MockedPQCheckServer.h */,
				D71D25C01C87AD0800137075 /* MockedPQCheckServer.m */,
				D71D25B41C87AAC800137075 /* Info.plist */,
			);
			path = PQCheckThinSDK_Tests;
			sourceTree = "<group>";
		};
		D71D25BC1C87ACAB00137075 /* MockedJSON */ = {
			isa = PBXGroup;
			children = (
				D71D25C41C87B03600137075 /* authorisation.json */,
				D78E4ECB1C88325100213E08 /* upload-attempt.json */,
			);
			path = MockedJSON;
			sourceTree = "<group>";
		};
		D73837F91C6A45340068372D /* Example for PQCheckThinSDK */ = {
			isa = PBXGroup;
			children = (
				D7A5E5171C81A0AD00190FE0 /* BankClient */,
				D738381F1C6A45910068372D /* UI */,
				D73838111C6A45870068372D /* AccountsViewController.h */,
				D73838121C6A45870068372D /* AccountsViewController.m */,
				D73838141C6A45870068372D /* PaymentDetailViewController.h */,
				D73838151C6A45870068372D /* PaymentDetailViewController.m */,
				D73838161C6A45870068372D /* PaymentsViewController.h */,
				D73838171C6A45870068372D /* PaymentsViewController.m */,
				D7B5B14D1C7D84DB007CD9F8 /* EnrolmentViewController.h */,
				D7B5B14E1C7D84DB007CD9F8 /* EnrolmentViewController.m */,
				D78E4ED01C8A03FA00213E08 /* SettingsViewController.h */,
				D78E4ED11C8A03FA00213E08 /* SettingsViewController.m */,
				D73838181C6A45870068372D /* PQCheckAppDelegate.h */,
				D73838191C6A45870068372D /* PQCheckAppDelegate.m */,
				D73838331C6A45DB0068372D /* LaunchScreen.storyboard */,
				D738383E1C6A462A0068372D /* Main.storyboard */,
				D738384B1C6A48740068372D /* Images.xcassets */,
				D738382C1C6A459C0068372D /* Supporting Files */,
			);
			name = "Example for PQCheckThinSDK";
			sourceTree = "<group>";
		};
		D738381F1C6A45910068372D /* UI */ = {
			isa = PBXGroup;
			children = (
				D73838201C6A45910068372D /* AccountCell.h */,
				D73838211C6A45910068372D /* AccountCell.m */,
				D73838221C6A45910068372D /* BankAccountCell.h */,
				D73838231C6A45910068372D /* BankAccountCell.m */,
				D73838241C6A45910068372D /* DetailCell.h */,
				D73838251C6A45910068372D /* DetailCell.m */,
				D73838261C6A45910068372D /* PaymentCell.h */,
				D73838271C6A45910068372D /* PaymentCell.m */,
			);
			name = UI;
			path = PQCheckThinSDK/UI;
			sourceTree = "<group>";
		};
		D738382C1C6A459C0068372D /* Supporting Files */ = {
			isa = PBXGroup;
			children = (
				D759C9B41C82F8EA0030742F /* README.md */,
				D70147611C81A52B00C1C73A /* AppledocSettings.plist */,
				D73838301C6A45CB0068372D /* InfoPlist.strings */,
				D738382D1C6A45BB0068372D /* PQCheckThinSDK-Info.plist */,
				D738382E1C6A45BB0068372D /* PQCheckThinSDK-Prefix.pch */,
				D73838131C6A45870068372D /* main.m */,
			);
			name = "Supporting Files";
			sourceTree = "<group>";
		};
		D784B8421C87BA2C00525D03 /* ILTesting */ = {
			isa = PBXGroup;
			children = (
				D784B8431C87BA2C00525D03 /* ILCannedURLProtocol.h */,
				D784B8441C87BA2C00525D03 /* ILCannedURLProtocol.m */,
				D784B8451C87BA2C00525D03 /* ILCannedURLProtocolTests.h */,
				D784B8461C87BA2C00525D03 /* ILCannedURLProtocolTests.m */,
				D784B8471C87BA2C00525D03 /* ILProfilerCompat.c */,
				D784B8481C87BA2C00525D03 /* ILTestImage.h */,
				D784B8491C87BA2C00525D03 /* ILTestImage.m */,
				D784B84A1C87BA2C00525D03 /* OCHamcrestMatchers */,
				D784B84F1C87BA2C00525D03 /* README.mdown */,
			);
			path = ILTesting;
			sourceTree = "<group>";
		};
		D784B84A1C87BA2C00525D03 /* OCHamcrestMatchers */ = {
			isa = PBXGroup;
			children = (
				D784B84B1C87BA2C00525D03 /* ILDispatchQueueAssert.h */,
				D784B84C1C87BA2C00525D03 /* ILDispatchQueueAssert.m */,
				D784B84D1C87BA2C00525D03 /* ILDispatchQueueMatcher.h */,
				D784B84E1C87BA2C00525D03 /* ILDispatchQueueMatcher.m */,
			);
			path = OCHamcrestMatchers;
			sourceTree = "<group>";
		};
		D7A5E5171C81A0AD00190FE0 /* BankClient */ = {
			isa = PBXGroup;
			children = (
				D7A5E5181C81A0AD00190FE0 /* BankClientManager.h */,
				D7A5E5191C81A0AD00190FE0 /* BankClientManager.m */,
				D7A5E51A1C81A0AD00190FE0 /* Models */,
			);
			name = BankClient;
			path = PQCheckThinSDK/BankClient;
			sourceTree = "<group>";
		};
		D7A5E51A1C81A0AD00190FE0 /* Models */ = {
			isa = PBXGroup;
			children = (
				D7A5E51B1C81A0AD00190FE0 /* AccountCollection.h */,
				D7A5E51C1C81A0AD00190FE0 /* AccountCollection.m */,
				D7A5E51D1C81A0AD00190FE0 /* BankAccount.h */,
				D7A5E51E1C81A0AD00190FE0 /* BankAccount.m */,
				D7A5E51F1C81A0AD00190FE0 /* Enrolment.h */,
				D7A5E5201C81A0AD00190FE0 /* Enrolment.m */,
				D7A5E5211C81A0AD00190FE0 /* Payment.h */,
				D7A5E5221C81A0AD00190FE0 /* Payment.m */,
				D78E4ECD1C89F8C600213E08 /* User.h */,
				D78E4ECE1C89F8C600213E08 /* User.m */,
				D7A5E5231C81A0AD00190FE0 /* UserManager.h */,
				D7A5E5241C81A0AD00190FE0 /* UserManager.m */,
			);
			path = Models;
			sourceTree = "<group>";
		};
/* End PBXGroup section */

/* Begin PBXNativeTarget section */
		D71D25AF1C87AAC800137075 /* PQCheckThinSDK_Tests */ = {
			isa = PBXNativeTarget;
			buildConfigurationList = D71D25B71C87AAC800137075 /* Build configuration list for PBXNativeTarget "PQCheckThinSDK_Tests" */;
			buildPhases = (
				57EE3B4DA33060CE7F6867CF /* Check Pods Manifest.lock */,
				D71D25AC1C87AAC800137075 /* Sources */,
				D71D25AD1C87AAC800137075 /* Frameworks */,
				D71D25AE1C87AAC800137075 /* Resources */,
				340B921C2A601673405F77DD /* Embed Pods Frameworks */,
				4EB7FFDD9CBC7FB96C960DA6 /* Copy Pods Resources */,
			);
			buildRules = (
			);
			dependencies = (
				D71D25B61C87AAC800137075 /* PBXTargetDependency */,
			);
			name = PQCheckThinSDK_Tests;
			productName = PQCheckThinSDK_Tests;
			productReference = D71D25B01C87AAC800137075 /* PQCheckThinSDK_Tests.xctest */;
			productType = "com.apple.product-type.bundle.unit-test";
		};
		D73837FA1C6A454B0068372D /* PQCheckThinSDK_Example */ = {
			isa = PBXNativeTarget;
			buildConfigurationList = D738380C1C6A454B0068372D /* Build configuration list for PBXNativeTarget "PQCheckThinSDK_Example" */;
			buildPhases = (
				456424C047B9DD6C0E0F7EEF /* Check Pods Manifest.lock */,
				D73837FC1C6A454B0068372D /* Sources */,
				D73838001C6A454B0068372D /* Frameworks */,
				D73838051C6A454B0068372D /* Resources */,
				2A9E52F4C250DF03AB1CB2DF /* Embed Pods Frameworks */,
				23CFE86EDB01BB5862119FC6 /* Copy Pods Resources */,
			);
			buildRules = (
			);
			dependencies = (
			);
			name = PQCheckThinSDK_Example;
			productName = PQCheckSDK;
			productReference = D738380F1C6A454B0068372D /* PQCheckThinSDK_Example.app */;
			productType = "com.apple.product-type.application";
		};
/* End PBXNativeTarget section */

/* Begin PBXProject section */
		6003F582195388D10070C39A /* Project object */ = {
			isa = PBXProject;
			attributes = {
				CLASSPREFIX = PQCheck;
				LastUpgradeCheck = 0720;
				ORGANIZATIONNAME = "CJ Tjhai";
				TargetAttributes = {
					D71D25AF1C87AAC800137075 = {
						CreatedOnToolsVersion = 7.2.1;
						TestTargetID = D73837FA1C6A454B0068372D;
					};
					D73837FA1C6A454B0068372D = {
						DevelopmentTeam = 5A8ZV6GP54;
					};
					D759C9AF1C82848D0030742F = {
						CreatedOnToolsVersion = 7.2.1;
					};
				};
			};
			buildConfigurationList = 6003F585195388D10070C39A /* Build configuration list for PBXProject "PQCheckSDK" */;
			compatibilityVersion = "Xcode 3.2";
			developmentRegion = English;
			hasScannedForEncodings = 0;
			knownRegions = (
				en,
				Base,
			);
			mainGroup = 6003F581195388D10070C39A;
			productRefGroup = 6003F58B195388D20070C39A /* Products */;
			projectDirPath = "";
			projectRoot = "";
			targets = (
				D73837FA1C6A454B0068372D /* PQCheckThinSDK_Example */,
				D759C9AF1C82848D0030742F /* Documentation */,
				D71D25AF1C87AAC800137075 /* PQCheckThinSDK_Tests */,
			);
		};
/* End PBXProject section */

/* Begin PBXResourcesBuildPhase section */
		D71D25AE1C87AAC800137075 /* Resources */ = {
			isa = PBXResourcesBuildPhase;
			buildActionMask = 2147483647;
			files = (
				D78E4ECC1C88325100213E08 /* upload-attempt.json in Resources */,
				D71D25C51C87B03600137075 /* authorisation.json in Resources */,
			);
			runOnlyForDeploymentPostprocessing = 0;
		};
		D73838051C6A454B0068372D /* Resources */ = {
			isa = PBXResourcesBuildPhase;
			buildActionMask = 2147483647;
			files = (
				D73838491C6A46B80068372D /* InfoPlist.strings in Resources */,
				D738384D1C6A48790068372D /* Images.xcassets in Resources */,
				D738383F1C6A462C0068372D /* Main.storyboard in Resources */,
				D73838401C6A465A0068372D /* LaunchScreen.storyboard in Resources */,
			);
			runOnlyForDeploymentPostprocessing = 0;
		};
/* End PBXResourcesBuildPhase section */

/* Begin PBXShellScriptBuildPhase section */
		23CFE86EDB01BB5862119FC6 /* Copy Pods Resources */ = {
			isa = PBXShellScriptBuildPhase;
			buildActionMask = 2147483647;
			files = (
			);
			inputPaths = (
			);
			name = "Copy Pods Resources";
			outputPaths = (
			);
			runOnlyForDeploymentPostprocessing = 0;
			shellPath = /bin/sh;
			shellScript = "\"${SRCROOT}/Pods/Target Support Files/Pods-PQCheckThinSDK_Example/Pods-PQCheckThinSDK_Example-resources.sh\"\n";
			showEnvVarsInLog = 0;
		};
		2A9E52F4C250DF03AB1CB2DF /* Embed Pods Frameworks */ = {
			isa = PBXShellScriptBuildPhase;
			buildActionMask = 2147483647;
			files = (
			);
			inputPaths = (
			);
			name = "Embed Pods Frameworks";
			outputPaths = (
			);
			runOnlyForDeploymentPostprocessing = 0;
			shellPath = /bin/sh;
			shellScript = "\"${SRCROOT}/Pods/Target Support Files/Pods-PQCheckThinSDK_Example/Pods-PQCheckThinSDK_Example-frameworks.sh\"\n";
			showEnvVarsInLog = 0;
		};
		340B921C2A601673405F77DD /* Embed Pods Frameworks */ = {
			isa = PBXShellScriptBuildPhase;
			buildActionMask = 2147483647;
			files = (
			);
			inputPaths = (
			);
			name = "Embed Pods Frameworks";
			outputPaths = (
			);
			runOnlyForDeploymentPostprocessing = 0;
			shellPath = /bin/sh;
			shellScript = "\"${SRCROOT}/Pods/Target Support Files/Pods-PQCheckThinSDK_Tests/Pods-PQCheckThinSDK_Tests-frameworks.sh\"\n";
			showEnvVarsInLog = 0;
		};
		456424C047B9DD6C0E0F7EEF /* Check Pods Manifest.lock */ = {
			isa = PBXShellScriptBuildPhase;
			buildActionMask = 2147483647;
			files = (
			);
			inputPaths = (
			);
			name = "Check Pods Manifest.lock";
			outputPaths = (
			);
			runOnlyForDeploymentPostprocessing = 0;
			shellPath = /bin/sh;
			shellScript = "diff \"${PODS_ROOT}/../Podfile.lock\" \"${PODS_ROOT}/Manifest.lock\" > /dev/null\nif [[ $? != 0 ]] ; then\n    cat << EOM\nerror: The sandbox is not in sync with the Podfile.lock. Run 'pod install' or update your CocoaPods installation.\nEOM\n    exit 1\nfi\n";
			showEnvVarsInLog = 0;
		};
		4EB7FFDD9CBC7FB96C960DA6 /* Copy Pods Resources */ = {
			isa = PBXShellScriptBuildPhase;
			buildActionMask = 2147483647;
			files = (
			);
			inputPaths = (
			);
			name = "Copy Pods Resources";
			outputPaths = (
			);
			runOnlyForDeploymentPostprocessing = 0;
			shellPath = /bin/sh;
			shellScript = "\"${SRCROOT}/Pods/Target Support Files/Pods-PQCheckThinSDK_Tests/Pods-PQCheckThinSDK_Tests-resources.sh\"\n";
			showEnvVarsInLog = 0;
		};
		57EE3B4DA33060CE7F6867CF /* Check Pods Manifest.lock */ = {
			isa = PBXShellScriptBuildPhase;
			buildActionMask = 2147483647;
			files = (
			);
			inputPaths = (
			);
			name = "Check Pods Manifest.lock";
			outputPaths = (
			);
			runOnlyForDeploymentPostprocessing = 0;
			shellPath = /bin/sh;
			shellScript = "diff \"${PODS_ROOT}/../Podfile.lock\" \"${PODS_ROOT}/Manifest.lock\" > /dev/null\nif [[ $? != 0 ]] ; then\n    cat << EOM\nerror: The sandbox is not in sync with the Podfile.lock. Run 'pod install' or update your CocoaPods installation.\nEOM\n    exit 1\nfi\n";
			showEnvVarsInLog = 0;
		};
		D759C9B31C8284B50030742F /* ShellScript */ = {
			isa = PBXShellScriptBuildPhase;
			buildActionMask = 2147483647;
			files = (
			);
			inputPaths = (
			);
			outputPaths = (
			);
			runOnlyForDeploymentPostprocessing = 0;
			shellPath = /bin/sh;
			shellScript = "# Create documentation for the SDK\ncd \"${SRCROOT}/../Pod/Classes\"\nappledoc .\n\n# Create documentation for the example code\ncd \"${SRCROOT}\"\nappledoc .\n";
		};
/* End PBXShellScriptBuildPhase section */

/* Begin PBXSourcesBuildPhase section */
		D71D25AC1C87AAC800137075 /* Sources */ = {
			isa = PBXSourcesBuildPhase;
			buildActionMask = 2147483647;
			files = (
				D784B8551C87BA2C00525D03 /* ILDispatchQueueMatcher.m in Sources */,
				D784B8501C87BA2C00525D03 /* ILCannedURLProtocol.m in Sources */,
				D784B8521C87BA2C00525D03 /* ILProfilerCompat.c in Sources */,
				D71D25B31C87AAC800137075 /* PQCheckThinSDK_Tests.m in Sources */,
				D71D25C11C87AD0800137075 /* MockedPQCheckServer.m in Sources */,
				D784B8541C87BA2C00525D03 /* ILDispatchQueueAssert.m in Sources */,
			);
			runOnlyForDeploymentPostprocessing = 0;
		};
		D73837FC1C6A454B0068372D /* Sources */ = {
			isa = PBXSourcesBuildPhase;
			buildActionMask = 2147483647;
			files = (
				D73838411C6A465F0068372D /* PQCheckAppDelegate.m in Sources */,
				D73838461C6A468F0068372D /* BankAccountCell.m in Sources */,
				D7A5E52A1C81A0AD00190FE0 /* UserManager.m in Sources */,
				D78E4ED21C8A03FA00213E08 /* SettingsViewController.m in Sources */,
				D73838421C6A46640068372D /* PaymentsViewController.m in Sources */,
				D78E4ECF1C89F8C600213E08 /* User.m in Sources */,
				D7A5E5261C81A0AD00190FE0 /* AccountCollection.m in Sources */,
				D73838441C6A466D0068372D /* AccountsViewController.m in Sources */,
				D73838451C6A468F0068372D /* AccountCell.m in Sources */,
				D7A5E5281C81A0AD00190FE0 /* Enrolment.m in Sources */,
				D7B5B14F1C7D84DB007CD9F8 /* EnrolmentViewController.m in Sources */,
				D7A5E5271C81A0AD00190FE0 /* BankAccount.m in Sources */,
				D73838471C6A468F0068372D /* DetailCell.m in Sources */,
				D7A5E5251C81A0AD00190FE0 /* BankClientManager.m in Sources */,
				D73838481C6A468F0068372D /* PaymentCell.m in Sources */,
				D7A5E5291C81A0AD00190FE0 /* Payment.m in Sources */,
				D738384A1C6A46F20068372D /* main.m in Sources */,
				D73838431C6A46680068372D /* PaymentDetailViewController.m in Sources */,
			);
			runOnlyForDeploymentPostprocessing = 0;
		};
/* End PBXSourcesBuildPhase section */

/* Begin PBXTargetDependency section */
		D71D25B61C87AAC800137075 /* PBXTargetDependency */ = {
			isa = PBXTargetDependency;
			target = D73837FA1C6A454B0068372D /* PQCheckThinSDK_Example */;
			targetProxy = D71D25B51C87AAC800137075 /* PBXContainerItemProxy */;
		};
/* End PBXTargetDependency section */

/* Begin PBXVariantGroup section */
		D73838301C6A45CB0068372D /* InfoPlist.strings */ = {
			isa = PBXVariantGroup;
			children = (
				D73838311C6A45CB0068372D /* en */,
			);
			name = InfoPlist.strings;
			sourceTree = "<group>";
		};
		D738383E1C6A462A0068372D /* Main.storyboard */ = {
			isa = PBXVariantGroup;
			children = (
				D738383D1C6A462A0068372D /* Base */,
			);
			name = Main.storyboard;
			path = PQCheckThinSDK;
			sourceTree = "<group>";
		};
/* End PBXVariantGroup section */

/* Begin XCBuildConfiguration section */
		6003F5BD195388D20070C39A /* Debug */ = {
			isa = XCBuildConfiguration;
			buildSettings = {
				ALWAYS_SEARCH_USER_PATHS = NO;
				CLANG_CXX_LANGUAGE_STANDARD = "gnu++0x";
				CLANG_CXX_LIBRARY = "libc++";
				CLANG_ENABLE_MODULES = YES;
				CLANG_ENABLE_OBJC_ARC = YES;
				CLANG_WARN_BOOL_CONVERSION = YES;
				CLANG_WARN_CONSTANT_CONVERSION = YES;
				CLANG_WARN_DIRECT_OBJC_ISA_USAGE = YES_ERROR;
				CLANG_WARN_EMPTY_BODY = YES;
				CLANG_WARN_ENUM_CONVERSION = YES;
				CLANG_WARN_INT_CONVERSION = YES;
				CLANG_WARN_OBJC_ROOT_CLASS = YES_ERROR;
				CLANG_WARN__DUPLICATE_METHOD_MATCH = YES;
				"CODE_SIGN_IDENTITY[sdk=iphoneos*]" = "iPhone Developer";
				COPY_PHASE_STRIP = NO;
				ENABLE_TESTABILITY = YES;
				GCC_C_LANGUAGE_STANDARD = gnu99;
				GCC_DYNAMIC_NO_PIC = NO;
				GCC_OPTIMIZATION_LEVEL = 0;
				GCC_PREPROCESSOR_DEFINITIONS = (
					"DEBUG=1",
					"$(inherited)",
				);
				GCC_SYMBOLS_PRIVATE_EXTERN = NO;
				GCC_WARN_64_TO_32_BIT_CONVERSION = YES;
				GCC_WARN_ABOUT_RETURN_TYPE = YES_ERROR;
				GCC_WARN_UNDECLARED_SELECTOR = YES;
				GCC_WARN_UNINITIALIZED_AUTOS = YES_AGGRESSIVE;
				GCC_WARN_UNUSED_FUNCTION = YES;
				GCC_WARN_UNUSED_VARIABLE = YES;
				IPHONEOS_DEPLOYMENT_TARGET = 8.0;
				ONLY_ACTIVE_ARCH = YES;
				SDKROOT = iphoneos;
				TARGETED_DEVICE_FAMILY = "1,2";
			};
			name = Debug;
		};
		6003F5BE195388D20070C39A /* Release */ = {
			isa = XCBuildConfiguration;
			buildSettings = {
				ALWAYS_SEARCH_USER_PATHS = NO;
				CLANG_CXX_LANGUAGE_STANDARD = "gnu++0x";
				CLANG_CXX_LIBRARY = "libc++";
				CLANG_ENABLE_MODULES = YES;
				CLANG_ENABLE_OBJC_ARC = YES;
				CLANG_WARN_BOOL_CONVERSION = YES;
				CLANG_WARN_CONSTANT_CONVERSION = YES;
				CLANG_WARN_DIRECT_OBJC_ISA_USAGE = YES_ERROR;
				CLANG_WARN_EMPTY_BODY = YES;
				CLANG_WARN_ENUM_CONVERSION = YES;
				CLANG_WARN_INT_CONVERSION = YES;
				CLANG_WARN_OBJC_ROOT_CLASS = YES_ERROR;
				CLANG_WARN__DUPLICATE_METHOD_MATCH = YES;
				"CODE_SIGN_IDENTITY[sdk=iphoneos*]" = "iPhone Developer";
				COPY_PHASE_STRIP = YES;
				ENABLE_NS_ASSERTIONS = NO;
				GCC_C_LANGUAGE_STANDARD = gnu99;
				GCC_WARN_64_TO_32_BIT_CONVERSION = YES;
				GCC_WARN_ABOUT_RETURN_TYPE = YES_ERROR;
				GCC_WARN_UNDECLARED_SELECTOR = YES;
				GCC_WARN_UNINITIALIZED_AUTOS = YES_AGGRESSIVE;
				GCC_WARN_UNUSED_FUNCTION = YES;
				GCC_WARN_UNUSED_VARIABLE = YES;
				IPHONEOS_DEPLOYMENT_TARGET = 8.0;
				SDKROOT = iphoneos;
				TARGETED_DEVICE_FAMILY = "1,2";
				VALIDATE_PRODUCT = YES;
			};
			name = Release;
		};
		D71D25B81C87AAC800137075 /* Debug */ = {
			isa = XCBuildConfiguration;
			baseConfigurationReference = 469EC4057406847EB20DA527 /* Pods-PQCheckThinSDK_Tests.debug.xcconfig */;
			buildSettings = {
				BUNDLE_LOADER = "$(TEST_HOST)";
				CLANG_WARN_UNREACHABLE_CODE = YES;
				DEBUG_INFORMATION_FORMAT = dwarf;
				ENABLE_BITCODE = YES;
				ENABLE_STRICT_OBJC_MSGSEND = YES;
				GCC_NO_COMMON_BLOCKS = YES;
				GCC_PREPROCESSOR_DEFINITIONS = "$(inherited)";
				INFOPLIST_FILE = PQCheckThinSDK_Tests/Info.plist;
				IPHONEOS_DEPLOYMENT_TARGET = 9.2;
				LD_RUNPATH_SEARCH_PATHS = "$(inherited) @executable_path/Frameworks @loader_path/Frameworks";
				MTL_ENABLE_DEBUG_INFO = YES;
				PRODUCT_BUNDLE_IDENTIFIER = "com.post-quantum.PQCheckThinSDK-Tests";
				PRODUCT_NAME = "$(TARGET_NAME)";
				TEST_HOST = "$(BUILT_PRODUCTS_DIR)/PQCheckThinSDK_Example.app/PQCheckThinSDK_Example";
			};
			name = Debug;
		};
		D71D25B91C87AAC800137075 /* Release */ = {
			isa = XCBuildConfiguration;
			baseConfigurationReference = C035395DAA8DB6590AB9E7BB /* Pods-PQCheckThinSDK_Tests.release.xcconfig */;
			buildSettings = {
				BUNDLE_LOADER = "$(TEST_HOST)";
				CLANG_WARN_UNREACHABLE_CODE = YES;
				COPY_PHASE_STRIP = NO;
				DEBUG_INFORMATION_FORMAT = "dwarf-with-dsym";
				ENABLE_BITCODE = YES;
				ENABLE_STRICT_OBJC_MSGSEND = YES;
				GCC_NO_COMMON_BLOCKS = YES;
				GCC_PREPROCESSOR_DEFINITIONS = "$(inherited)";
				INFOPLIST_FILE = PQCheckThinSDK_Tests/Info.plist;
				IPHONEOS_DEPLOYMENT_TARGET = 9.2;
				LD_RUNPATH_SEARCH_PATHS = "$(inherited) @executable_path/Frameworks @loader_path/Frameworks";
				MTL_ENABLE_DEBUG_INFO = NO;
				PRODUCT_BUNDLE_IDENTIFIER = "com.post-quantum.PQCheckThinSDK-Tests";
				PRODUCT_NAME = "$(TARGET_NAME)";
				TEST_HOST = "$(BUILT_PRODUCTS_DIR)/PQCheckThinSDK_Example.app/PQCheckThinSDK_Example";
			};
			name = Release;
		};
		D738380D1C6A454B0068372D /* Debug */ = {
			isa = XCBuildConfiguration;
			baseConfigurationReference = C5E6AFA93F9A20C3842FBAC8 /* Pods-PQCheckThinSDK_Example.debug.xcconfig */;
			buildSettings = {
				ASSETCATALOG_COMPILER_APPICON_NAME = AppIcon;
				ASSETCATALOG_COMPILER_LAUNCHIMAGE_NAME = LaunchImage;
				CODE_SIGN_IDENTITY = "iPhone Developer";
				"CODE_SIGN_IDENTITY[sdk=iphoneos*]" = "iPhone Developer";
				GCC_PRECOMPILE_PREFIX_HEADER = YES;
				GCC_PREFIX_HEADER = "PQCheckSDK/PQCheckSDK-Prefix.pch";
				GCC_PREPROCESSOR_DEFINITIONS = "$(inherited)";
				HEADER_SEARCH_PATHS = (
					"$(inherited)",
					"${PODS_ROOT}/Headers/Private",
				);
				INFOPLIST_FILE = "$(SRCROOT)/PQCheckThinSDK/PQCheckThinSDK-Info.plist";
				IPHONEOS_DEPLOYMENT_TARGET = 8.0;
				MODULE_NAME = ExampleApp;
				PRODUCT_BUNDLE_IDENTIFIER = "com.post-quantum.PQCheckThinSDK-Example";
				PRODUCT_NAME = "$(TARGET_NAME)";
				PROVISIONING_PROFILE = "";
				TARGETED_DEVICE_FAMILY = 1;
				WRAPPER_EXTENSION = app;
			};
			name = Debug;
		};
		D738380E1C6A454B0068372D /* Release */ = {
			isa = XCBuildConfiguration;
			baseConfigurationReference = 6A136F90FFCAD9A821D6A9B0 /* Pods-PQCheckThinSDK_Example.release.xcconfig */;
			buildSettings = {
				ASSETCATALOG_COMPILER_APPICON_NAME = AppIcon;
				ASSETCATALOG_COMPILER_LAUNCHIMAGE_NAME = LaunchImage;
				CODE_SIGN_IDENTITY = "iPhone Developer";
				"CODE_SIGN_IDENTITY[sdk=iphoneos*]" = "iPhone Developer";
				GCC_PRECOMPILE_PREFIX_HEADER = YES;
				GCC_PREFIX_HEADER = "PQCheckSDK/PQCheckSDK-Prefix.pch";
				GCC_PREPROCESSOR_DEFINITIONS = "$(inherited)";
				HEADER_SEARCH_PATHS = (
					"$(inherited)",
					"${PODS_ROOT}/Headers/Private",
				);
				INFOPLIST_FILE = "$(SRCROOT)/PQCheckThinSDK/PQCheckThinSDK-Info.plist";
				IPHONEOS_DEPLOYMENT_TARGET = 8.0;
				MODULE_NAME = ExampleApp;
				PRODUCT_BUNDLE_IDENTIFIER = "com.post-quantum.PQCheckThinSDK-Example";
				PRODUCT_NAME = "$(TARGET_NAME)";
				PROVISIONING_PROFILE = "";
				TARGETED_DEVICE_FAMILY = 1;
				WRAPPER_EXTENSION = app;
			};
			name = Release;
		};
		D759C9B01C82848D0030742F /* Debug */ = {
			isa = XCBuildConfiguration;
			buildSettings = {
				PRODUCT_NAME = "$(TARGET_NAME)";
			};
			name = Debug;
		};
		D759C9B11C82848D0030742F /* Release */ = {
			isa = XCBuildConfiguration;
			buildSettings = {
				PRODUCT_NAME = "$(TARGET_NAME)";
			};
			name = Release;
		};
/* End XCBuildConfiguration section */

/* Begin XCConfigurationList section */
		6003F585195388D10070C39A /* Build configuration list for PBXProject "PQCheckSDK" */ = {
			isa = XCConfigurationList;
			buildConfigurations = (
				6003F5BD195388D20070C39A /* Debug */,
				6003F5BE195388D20070C39A /* Release */,
			);
			defaultConfigurationIsVisible = 0;
			defaultConfigurationName = Release;
		};
		D71D25B71C87AAC800137075 /* Build configuration list for PBXNativeTarget "PQCheckThinSDK_Tests" */ = {
			isa = XCConfigurationList;
			buildConfigurations = (
				D71D25B81C87AAC800137075 /* Debug */,
				D71D25B91C87AAC800137075 /* Release */,
			);
			defaultConfigurationIsVisible = 0;
			defaultConfigurationName = Release;
		};
		D738380C1C6A454B0068372D /* Build configuration list for PBXNativeTarget "PQCheckThinSDK_Example" */ = {
			isa = XCConfigurationList;
			buildConfigurations = (
				D738380D1C6A454B0068372D /* Debug */,
				D738380E1C6A454B0068372D /* Release */,
			);
			defaultConfigurationIsVisible = 0;
			defaultConfigurationName = Release;
		};
		D759C9B21C82848D0030742F /* Build configuration list for PBXAggregateTarget "Documentation" */ = {
			isa = XCConfigurationList;
			buildConfigurations = (
				D759C9B01C82848D0030742F /* Debug */,
				D759C9B11C82848D0030742F /* Release */,
			);
			defaultConfigurationIsVisible = 0;
			defaultConfigurationName = Release;
		};
/* End XCConfigurationList section */
	};
	rootObject = 6003F582195388D10070C39A /* Project object */;
}
